lockfileVersion: 5.4

specifiers:
  '@babel/runtime': ^7.21.0
  '@types/file-saver': ^2.0.5
  '@types/react': ^18.0.27
  '@types/react-dom': ^18.0.10
  '@vitejs/plugin-react-swc': ^3.0.0
  bootstrap: ^5.2.3
  clsx: ^1.2.1
  ky: ^0.33.2
  react: ^18.2.0
  react-dom: ^18.2.0
  react-image: ^4.0.3
  react-particles: ^2.9.3
  tsparticles: ^2.9.3
  tsparticles-engine: ^2.9.3
  typescript: ^4.9.3
  vite: ^4.1.0
  wouter: ^2.10.0
  zustand: ^4.3.6

dependencies:
  bootstrap: 5.2.3
  clsx: 1.2.1
  ky: 0.33.2
  react: 18.2.0
  react-dom: 18.2.0_react@18.2.0
  react-image: 4.0.3_kv6kfe5rukjmpsrokr5t7up7oi
  react-particles: 2.9.3_react@18.2.0
  tsparticles: 2.9.3
  tsparticles-engine: 2.9.3
  wouter: 2.10.0_react@18.2.0
  zustand: 4.3.6_react@18.2.0

devDependencies:
  '@babel/runtime': 7.21.0
  '@types/file-saver': 2.0.5
  '@types/react': 18.0.28
  '@types/react-dom': 18.0.11
  '@vitejs/plugin-react-swc': 3.2.0_vite@4.1.4
  typescript: 4.9.5
  vite: 4.1.4

packages:

  /@babel/runtime/7.21.0:
    resolution: {integrity: sha512-xwII0//EObnq89Ji5AKYQaRYiW/nZ3llSv29d49IuxPhKbtJoLP+9QUUZ4nVragQVtaVGeZrpB+ZtG/Pdy/POw==}
    engines: {node: '>=6.9.0'}
    dependencies:
      regenerator-runtime: 0.13.11

  /@esbuild/android-arm/0.16.17:
    resolution: {integrity: sha512-N9x1CMXVhtWEAMS7pNNONyA14f71VPQN9Cnavj1XQh6T7bskqiLLrSca4O0Vr8Wdcga943eThxnVp3JLnBMYtw==}
    engines: {node: '>=12'}
    cpu: [arm]
    os: [android]
    requiresBuild: true
    dev: true
    optional: true

  /@esbuild/android-arm64/0.16.17:
    resolution: {integrity: sha512-MIGl6p5sc3RDTLLkYL1MyL8BMRN4tLMRCn+yRJJmEDvYZ2M7tmAf80hx1kbNEUX2KJ50RRtxZ4JHLvCfuB6kBg==}
    engines: {node: '>=12'}
    cpu: [arm64]
    os: [android]
    requiresBuild: true
    dev: true
    optional: true

  /@esbuild/android-x64/0.16.17:
    resolution: {integrity: sha512-a3kTv3m0Ghh4z1DaFEuEDfz3OLONKuFvI4Xqczqx4BqLyuFaFkuaG4j2MtA6fuWEFeC5x9IvqnX7drmRq/fyAQ==}
    engines: {node: '>=12'}
    cpu: [x64]
    os: [android]
    requiresBuild: true
    dev: true
    optional: true

  /@esbuild/darwin-arm64/0.16.17:
    resolution: {integrity: sha512-/2agbUEfmxWHi9ARTX6OQ/KgXnOWfsNlTeLcoV7HSuSTv63E4DqtAc+2XqGw1KHxKMHGZgbVCZge7HXWX9Vn+w==}
    engines: {node: '>=12'}
    cpu: [arm64]
    os: [darwin]
    requiresBuild: true
    dev: true
    optional: true

  /@esbuild/darwin-x64/0.16.17:
    resolution: {integrity: sha512-2By45OBHulkd9Svy5IOCZt376Aa2oOkiE9QWUK9fe6Tb+WDr8hXL3dpqi+DeLiMed8tVXspzsTAvd0jUl96wmg==}
    engines: {node: '>=12'}
    cpu: [x64]
    os: [darwin]
    requiresBuild: true
    dev: true
    optional: true

  /@esbuild/freebsd-arm64/0.16.17:
    resolution: {integrity: sha512-mt+cxZe1tVx489VTb4mBAOo2aKSnJ33L9fr25JXpqQqzbUIw/yzIzi+NHwAXK2qYV1lEFp4OoVeThGjUbmWmdw==}
    engines: {node: '>=12'}
    cpu: [arm64]
    os: [freebsd]
    requiresBuild: true
    dev: true
    optional: true

  /@esbuild/freebsd-x64/0.16.17:
    resolution: {integrity: sha512-8ScTdNJl5idAKjH8zGAsN7RuWcyHG3BAvMNpKOBaqqR7EbUhhVHOqXRdL7oZvz8WNHL2pr5+eIT5c65kA6NHug==}
    engines: {node: '>=12'}
    cpu: [x64]
    os: [freebsd]
    requiresBuild: true
    dev: true
    optional: true

  /@esbuild/linux-arm/0.16.17:
    resolution: {integrity: sha512-iihzrWbD4gIT7j3caMzKb/RsFFHCwqqbrbH9SqUSRrdXkXaygSZCZg1FybsZz57Ju7N/SHEgPyaR0LZ8Zbe9gQ==}
    engines: {node: '>=12'}
    cpu: [arm]
    os: [linux]
    requiresBuild: true
    dev: true
    optional: true

  /@esbuild/linux-arm64/0.16.17:
    resolution: {integrity: sha512-7S8gJnSlqKGVJunnMCrXHU9Q8Q/tQIxk/xL8BqAP64wchPCTzuM6W3Ra8cIa1HIflAvDnNOt2jaL17vaW+1V0g==}
    engines: {node: '>=12'}
    cpu: [arm64]
    os: [linux]
    requiresBuild: true
    dev: true
    optional: true

  /@esbuild/linux-ia32/0.16.17:
    resolution: {integrity: sha512-kiX69+wcPAdgl3Lonh1VI7MBr16nktEvOfViszBSxygRQqSpzv7BffMKRPMFwzeJGPxcio0pdD3kYQGpqQ2SSg==}
    engines: {node: '>=12'}
    cpu: [ia32]
    os: [linux]
    requiresBuild: true
    dev: true
    optional: true

  /@esbuild/linux-loong64/0.16.17:
    resolution: {integrity: sha512-dTzNnQwembNDhd654cA4QhbS9uDdXC3TKqMJjgOWsC0yNCbpzfWoXdZvp0mY7HU6nzk5E0zpRGGx3qoQg8T2DQ==}
    engines: {node: '>=12'}
    cpu: [loong64]
    os: [linux]
    requiresBuild: true
    dev: true
    optional: true

  /@esbuild/linux-mips64el/0.16.17:
    resolution: {integrity: sha512-ezbDkp2nDl0PfIUn0CsQ30kxfcLTlcx4Foz2kYv8qdC6ia2oX5Q3E/8m6lq84Dj/6b0FrkgD582fJMIfHhJfSw==}
    engines: {node: '>=12'}
    cpu: [mips64el]
    os: [linux]
    requiresBuild: true
    dev: true
    optional: true

  /@esbuild/linux-ppc64/0.16.17:
    resolution: {integrity: sha512-dzS678gYD1lJsW73zrFhDApLVdM3cUF2MvAa1D8K8KtcSKdLBPP4zZSLy6LFZ0jYqQdQ29bjAHJDgz0rVbLB3g==}
    engines: {node: '>=12'}
    cpu: [ppc64]
    os: [linux]
    requiresBuild: true
    dev: true
    optional: true

  /@esbuild/linux-riscv64/0.16.17:
    resolution: {integrity: sha512-ylNlVsxuFjZK8DQtNUwiMskh6nT0vI7kYl/4fZgV1llP5d6+HIeL/vmmm3jpuoo8+NuXjQVZxmKuhDApK0/cKw==}
    engines: {node: '>=12'}
    cpu: [riscv64]
    os: [linux]
    requiresBuild: true
    dev: true
    optional: true

  /@esbuild/linux-s390x/0.16.17:
    resolution: {integrity: sha512-gzy7nUTO4UA4oZ2wAMXPNBGTzZFP7mss3aKR2hH+/4UUkCOyqmjXiKpzGrY2TlEUhbbejzXVKKGazYcQTZWA/w==}
    engines: {node: '>=12'}
    cpu: [s390x]
    os: [linux]
    requiresBuild: true
    dev: true
    optional: true

  /@esbuild/linux-x64/0.16.17:
    resolution: {integrity: sha512-mdPjPxfnmoqhgpiEArqi4egmBAMYvaObgn4poorpUaqmvzzbvqbowRllQ+ZgzGVMGKaPkqUmPDOOFQRUFDmeUw==}
    engines: {node: '>=12'}
    cpu: [x64]
    os: [linux]
    requiresBuild: true
    dev: true
    optional: true

  /@esbuild/netbsd-x64/0.16.17:
    resolution: {integrity: sha512-/PzmzD/zyAeTUsduZa32bn0ORug+Jd1EGGAUJvqfeixoEISYpGnAezN6lnJoskauoai0Jrs+XSyvDhppCPoKOA==}
    engines: {node: '>=12'}
    cpu: [x64]
    os: [netbsd]
    requiresBuild: true
    dev: true
    optional: true

  /@esbuild/openbsd-x64/0.16.17:
    resolution: {integrity: sha512-2yaWJhvxGEz2RiftSk0UObqJa/b+rIAjnODJgv2GbGGpRwAfpgzyrg1WLK8rqA24mfZa9GvpjLcBBg8JHkoodg==}
    engines: {node: '>=12'}
    cpu: [x64]
    os: [openbsd]
    requiresBuild: true
    dev: true
    optional: true

  /@esbuild/sunos-x64/0.16.17:
    resolution: {integrity: sha512-xtVUiev38tN0R3g8VhRfN7Zl42YCJvyBhRKw1RJjwE1d2emWTVToPLNEQj/5Qxc6lVFATDiy6LjVHYhIPrLxzw==}
    engines: {node: '>=12'}
    cpu: [x64]
    os: [sunos]
    requiresBuild: true
    dev: true
    optional: true

  /@esbuild/win32-arm64/0.16.17:
    resolution: {integrity: sha512-ga8+JqBDHY4b6fQAmOgtJJue36scANy4l/rL97W+0wYmijhxKetzZdKOJI7olaBaMhWt8Pac2McJdZLxXWUEQw==}
    engines: {node: '>=12'}
    cpu: [arm64]
    os: [win32]
    requiresBuild: true
    dev: true
    optional: true

  /@esbuild/win32-ia32/0.16.17:
    resolution: {integrity: sha512-WnsKaf46uSSF/sZhwnqE4L/F89AYNMiD4YtEcYekBt9Q7nj0DiId2XH2Ng2PHM54qi5oPrQ8luuzGszqi/veig==}
    engines: {node: '>=12'}
    cpu: [ia32]
    os: [win32]
    requiresBuild: true
    dev: true
    optional: true

  /@esbuild/win32-x64/0.16.17:
    resolution: {integrity: sha512-y+EHuSchhL7FjHgvQL/0fnnFmO4T1bhvWANX6gcnqTjtnKWbTvUMCpGnv2+t+31d7RzyEAYAd4u2fnIhHL6N/Q==}
    engines: {node: '>=12'}
    cpu: [x64]
    os: [win32]
    requiresBuild: true
    dev: true
    optional: true

  /@jridgewell/sourcemap-codec/1.4.14:
    resolution: {integrity: sha512-XPSJHWmi394fuUuzDnGz1wiKqWfo1yXecHQMRf2l6hztTO+nPru658AyDngaBe7isIxEkRsPR3FZh+s7iVa4Uw==}
    dev: false

  /@rollup/plugin-replace/5.0.2:
    resolution: {integrity: sha512-M9YXNekv/C/iHHK+cvORzfRYfPbq0RDD8r0G+bMiTXjNGKulPnCT9O3Ss46WfhI6ZOCgApOP7xAdmCQJ+U2LAA==}
    engines: {node: '>=14.0.0'}
    peerDependencies:
      rollup: ^1.20.0||^2.0.0||^3.0.0
    peerDependenciesMeta:
      rollup:
        optional: true
    dependencies:
      '@rollup/pluginutils': 5.0.2
      magic-string: 0.27.0
    dev: false

  /@rollup/pluginutils/5.0.2:
    resolution: {integrity: sha512-pTd9rIsP92h+B6wWwFbW8RkZv4hiR/xKsqre4SIuAOaOEQRxi0lqLke9k2/7WegC85GgUs9pjmOjCUi3In4vwA==}
    engines: {node: '>=14.0.0'}
    peerDependencies:
      rollup: ^1.20.0||^2.0.0||^3.0.0
    peerDependenciesMeta:
      rollup:
        optional: true
    dependencies:
      '@types/estree': 1.0.0
      estree-walker: 2.0.2
      picomatch: 2.3.1
    dev: false

  /@swc/core-darwin-arm64/1.3.38:
    resolution: {integrity: sha512-4ZTJJ/cR0EsXW5UxFCifZoGfzQ07a8s4ayt1nLvLQ5QoB1GTAf9zsACpvWG8e7cmCR0L76R5xt8uJuyr+noIXA==}
    engines: {node: '>=10'}
    cpu: [arm64]
    os: [darwin]
    requiresBuild: true
    dev: true
    optional: true

  /@swc/core-darwin-x64/1.3.38:
    resolution: {integrity: sha512-Kim727rNo4Dl8kk0CR8aJQe4zFFtsT1TZGlNrNMUgN1WC3CRX7dLZ6ZJi/VVcTG1cbHp5Fp3mUzwHsMxEh87Mg==}
    engines: {node: '>=10'}
    cpu: [x64]
    os: [darwin]
    requiresBuild: true
    dev: true
    optional: true

  /@swc/core-linux-arm-gnueabihf/1.3.38:
    resolution: {integrity: sha512-yaRdnPNU2enlJDRcIMvYVSyodY+Amhf5QuXdUbAj6rkDD6wUs/s9C6yPYrFDmoTltrG+nBv72mUZj+R46wVfSw==}
    engines: {node: '>=10'}
    cpu: [arm]
    os: [linux]
    requiresBuild: true
    dev: true
    optional: true

  /@swc/core-linux-arm64-gnu/1.3.38:
    resolution: {integrity: sha512-iNY1HqKo/wBSu3QOGBUlZaLdBP/EHcwNjBAqIzpb8J64q2jEN02RizqVW0mDxyXktJ3lxr3g7VW9uqklMeXbjQ==}
    engines: {node: '>=10'}
    cpu: [arm64]
    os: [linux]
    requiresBuild: true
    dev: true
    optional: true

  /@swc/core-linux-arm64-musl/1.3.38:
    resolution: {integrity: sha512-LJCFgLZoPRkPCPmux+Q5ctgXRp6AsWhvWuY61bh5bIPBDlaG9pZk94DeHyvtiwT0syhTtXb2LieBOx6NqN3zeA==}
    engines: {node: '>=10'}
    cpu: [arm64]
    os: [linux]
    requiresBuild: true
    dev: true
    optional: true

  /@swc/core-linux-x64-gnu/1.3.38:
    resolution: {integrity: sha512-hRQGRIWHmv2PvKQM/mMV45mVXckM2+xLB8TYLLgUG66mmtyGTUJPyxjnJkbI86WNGqo18k+lAuMG2mn6QmzYwQ==}
    engines: {node: '>=10'}
    cpu: [x64]
    os: [linux]
    requiresBuild: true
    dev: true
    optional: true

  /@swc/core-linux-x64-musl/1.3.38:
    resolution: {integrity: sha512-PTYSqtsIfPHLKDDNbueI5e0sc130vyHRiFOeeC6qqzA2FAiVvIxuvXHLr0soPvKAR1WyhtYmFB9QarcctemL2w==}
    engines: {node: '>=10'}
    cpu: [x64]
    os: [linux]
    requiresBuild: true
    dev: true
    optional: true

  /@swc/core-win32-arm64-msvc/1.3.38:
    resolution: {integrity: sha512-9lHfs5TPNs+QdkyZFhZledSmzBEbqml/J1rqPSb9Fy8zB6QlspixE6OLZ3nTlUOdoGWkcTTdrOn77Sd7YGf1AA==}
    engines: {node: '>=10'}
    cpu: [arm64]
    os: [win32]
    requiresBuild: true
    dev: true
    optional: true

  /@swc/core-win32-ia32-msvc/1.3.38:
    resolution: {integrity: sha512-SbL6pfA2lqvDKnwTHwOfKWvfHAdcbAwJS4dBkFidr7BiPTgI5Uk8wAPcRb8mBECpmIa9yFo+N0cAFRvMnf+cNw==}
    engines: {node: '>=10'}
    cpu: [ia32]
    os: [win32]
    requiresBuild: true
    dev: true
    optional: true

  /@swc/core-win32-x64-msvc/1.3.38:
    resolution: {integrity: sha512-UFveLrL6eGvViOD8OVqUQa6QoQwdqwRvLtL5elF304OT8eCPZa8BhuXnWk25X8UcOyns8gFcb8Fhp3oaLi/Rlw==}
    engines: {node: '>=10'}
    cpu: [x64]
    os: [win32]
    requiresBuild: true
    dev: true
    optional: true

  /@swc/core/1.3.38:
    resolution: {integrity: sha512-AiEVehRFws//AiiLx9DPDp1WDXt+yAoGD1kMYewhoF6QLdTz8AtYu6i8j/yAxk26L8xnegy0CDwcNnub9qenyQ==}
    engines: {node: '>=10'}
    requiresBuild: true
    optionalDependencies:
      '@swc/core-darwin-arm64': 1.3.38
      '@swc/core-darwin-x64': 1.3.38
      '@swc/core-linux-arm-gnueabihf': 1.3.38
      '@swc/core-linux-arm64-gnu': 1.3.38
      '@swc/core-linux-arm64-musl': 1.3.38
      '@swc/core-linux-x64-gnu': 1.3.38
      '@swc/core-linux-x64-musl': 1.3.38
      '@swc/core-win32-arm64-msvc': 1.3.38
      '@swc/core-win32-ia32-msvc': 1.3.38
      '@swc/core-win32-x64-msvc': 1.3.38
    dev: true

  /@types/estree/1.0.0:
    resolution: {integrity: sha512-WulqXMDUTYAXCjZnk6JtIHPigp55cVtDgDrO2gHRwhyJto21+1zbVCtOYB2L1F9w4qCQ0rOGWBnBe0FNTiEJIQ==}
    dev: false

  /@types/file-saver/2.0.5:
    resolution: {integrity: sha512-zv9kNf3keYegP5oThGLaPk8E081DFDuwfqjtiTzm6PoxChdJ1raSuADf2YGCVIyrSynLrgc8JWv296s7Q7pQSQ==}
    dev: true

  /@types/prop-types/15.7.5:
    resolution: {integrity: sha512-JCB8C6SnDoQf0cNycqd/35A7MjcnK+ZTqE7judS6o7utxUCg6imJg3QK2qzHKszlTjcj2cn+NwMB2i96ubpj7w==}
    dev: true

  /@types/react-dom/18.0.11:
    resolution: {integrity: sha512-O38bPbI2CWtgw/OoQoY+BRelw7uysmXbWvw3nLWO21H1HSh+GOlqPuXshJfjmpNlKiiSDG9cc1JZAaMmVdcTlw==}
    dependencies:
      '@types/react': 18.0.28
    dev: true

  /@types/react/18.0.28:
    resolution: {integrity: sha512-RD0ivG1kEztNBdoAK7lekI9M+azSnitIn85h4iOiaLjaTrMjzslhaqCGaI4IyCJ1RljWiLCEu4jyrLLgqxBTew==}
    dependencies:
      '@types/prop-types': 15.7.5
      '@types/scheduler': 0.16.2
      csstype: 3.1.1
    dev: true

  /@types/scheduler/0.16.2:
    resolution: {integrity: sha512-hppQEBDmlwhFAXKJX2KnWLYu5yMfi91yazPb2l+lbJiwW+wdo1gNeRA+3RgNSO39WYX2euey41KEwnqesU2Jew==}
    dev: true

  /@vitejs/plugin-react-swc/3.2.0_vite@4.1.4:
    resolution: {integrity: sha512-IcBoXL/mcH7JdQr/nfDlDwTdIaH8Rg7LpfQDF4nAht+juHWIuv6WhpKPCSfY4+zztAaB07qdBoFz1XCZsgo3pQ==}
    peerDependencies:
      vite: ^4
    dependencies:
      '@swc/core': 1.3.38
      vite: 4.1.4
    dev: true

  /bootstrap/5.2.3:
    resolution: {integrity: sha512-cEKPM+fwb3cT8NzQZYEu4HilJ3anCrWqh3CHAok1p9jXqMPsPTBhU25fBckEJHJ/p+tTxTFTsFQGM+gaHpi3QQ==}
    peerDependencies:
      '@popperjs/core': ^2.11.6
    dev: false

  /clsx/1.2.1:
    resolution: {integrity: sha512-EcR6r5a8bj6pu3ycsa/E/cKVGuTgZJZdsyUYHOksG/UHIiKfjxzRxYJpyVBwYaQeOvghal9fcc4PidlgzugAQg==}
    engines: {node: '>=6'}
    dev: false

  /csstype/3.1.1:
    resolution: {integrity: sha512-DJR/VvkAvSZW9bTouZue2sSxDwdTN92uHjqeKVm+0dAqdfNykRzQ95tay8aXMBAAPpUiq4Qcug2L7neoRh2Egw==}
    dev: true

  /esbuild/0.16.17:
    resolution: {integrity: sha512-G8LEkV0XzDMNwXKgM0Jwu3nY3lSTwSGY6XbxM9cr9+s0T/qSV1q1JVPBGzm3dcjhCic9+emZDmMffkwgPeOeLg==}
    engines: {node: '>=12'}
    hasBin: true
    requiresBuild: true
    optionalDependencies:
      '@esbuild/android-arm': 0.16.17
      '@esbuild/android-arm64': 0.16.17
      '@esbuild/android-x64': 0.16.17
      '@esbuild/darwin-arm64': 0.16.17
      '@esbuild/darwin-x64': 0.16.17
      '@esbuild/freebsd-arm64': 0.16.17
      '@esbuild/freebsd-x64': 0.16.17
      '@esbuild/linux-arm': 0.16.17
      '@esbuild/linux-arm64': 0.16.17
      '@esbuild/linux-ia32': 0.16.17
      '@esbuild/linux-loong64': 0.16.17
      '@esbuild/linux-mips64el': 0.16.17
      '@esbuild/linux-ppc64': 0.16.17
      '@esbuild/linux-riscv64': 0.16.17
      '@esbuild/linux-s390x': 0.16.17
      '@esbuild/linux-x64': 0.16.17
      '@esbuild/netbsd-x64': 0.16.17
      '@esbuild/openbsd-x64': 0.16.17
      '@esbuild/sunos-x64': 0.16.17
      '@esbuild/win32-arm64': 0.16.17
      '@esbuild/win32-ia32': 0.16.17
      '@esbuild/win32-x64': 0.16.17
    dev: true

  /estree-walker/2.0.2:
    resolution: {integrity: sha512-Rfkk/Mp/DL7JVje3u18FxFujQlTNR2q6QfMSMB7AvCBx91NGj/ba3kCfza0f6dVDbw7YlRf/nDrn7pQrCCyQ/w==}
    dev: false

  /fast-deep-equal/3.1.3:
    resolution: {integrity: sha512-f3qQ9oQy9j2AhBe/H9VC91wLmKBCCU/gDOnKNAYG5hswO7BLKj09Hc5HYNz9cGI++xlpDCIgDaitVs03ATR84Q==}
    dev: false

  /fsevents/2.3.2:
    resolution: {integrity: sha512-xiqMQR4xAeHTuB9uWm+fFRcIOgKBMiOBP+eXiyT7jsgVCq1bkVygt00oASowB7EdtpOHaaPgKt812P9ab+DDKA==}
    engines: {node: ^8.16.0 || ^10.6.0 || >=11.0.0}
    os: [darwin]
    requiresBuild: true
    dev: true
    optional: true

  /function-bind/1.1.1:
    resolution: {integrity: sha512-yIovAzMX49sF8Yl58fSCWJ5svSLuaibPxXQJFLmBObTuCr0Mf1KiPopGM9NiFjiYBCbfaa2Fh6breQ6ANVTI0A==}
    dev: true

  /has/1.0.3:
    resolution: {integrity: sha512-f2dvO0VU6Oej7RkWJGrehjbzMAjFp5/VKPp5tTpWIV4JHHZK1/BxbFRtf/siA2SWTe09caDmVtYYzWEIbBS4zw==}
    engines: {node: '>= 0.4.0'}
    dependencies:
      function-bind: 1.1.1
    dev: true

  /is-core-module/2.11.0:
    resolution: {integrity: sha512-RRjxlvLDkD1YJwDbroBHMb+cukurkDWNyHx7D3oNB5x9rb5ogcksMC5wHCadcXoo67gVr/+3GFySh3134zi6rw==}
    dependencies:
      has: 1.0.3
    dev: true

  /js-tokens/4.0.0:
    resolution: {integrity: sha512-RdJUflcE3cUzKiMqQgsCu06FPu9UdIJO0beYbPhHN4k6apgJtifcoCtT9bcxOpYBtpD2kCM6Sbzg4CausW/PKQ==}
    dev: false

  /ky/0.33.2:
    resolution: {integrity: sha512-f6oS2rKUcPu5FzdqCDbFpmzis/JlqFZw8uIHm/jf8Kc3vtnW+VDhuashOAKyBZv8bFiZFZUMNxTC0JtahEvujA==}
    engines: {node: '>=14.16'}
    dev: false

  /loose-envify/1.4.0:
    resolution: {integrity: sha512-lyuxPGr/Wfhrlem2CL/UcnUc1zcqKAImBDzukY7Y5F/yQiNdko6+fRLevlw1HgMySw7f611UIY408EtxRSoK3Q==}
    hasBin: true
    dependencies:
      js-tokens: 4.0.0
    dev: false

  /magic-string/0.27.0:
    resolution: {integrity: sha512-8UnnX2PeRAPZuN12svgR9j7M1uWMovg/CEnIwIG0LFkXSJJe4PdfUGiTGl8V9bsBHFUtfVINcSyYxd7q+kx9fA==}
    engines: {node: '>=12'}
    dependencies:
      '@jridgewell/sourcemap-codec': 1.4.14
    dev: false

  /nanoid/3.3.4:
    resolution: {integrity: sha512-MqBkQh/OHTS2egovRtLk45wEyNXwF+cokD+1YPf9u5VfJiRdAiRwB2froX5Co9Rh20xs4siNPm8naNotSD6RBw==}
    engines: {node: ^10 || ^12 || ^13.7 || ^14 || >=15.0.1}
    hasBin: true
    dev: true

  /path-parse/1.0.7:
    resolution: {integrity: sha512-LDJzPVEEEPR+y48z93A0Ed0yXb8pAByGWo/k5YYdYgpY2/2EsOsksJrq7lOHxryrVOn1ejG6oAp8ahvOIQD8sw==}
    dev: true

  /picocolors/1.0.0:
    resolution: {integrity: sha512-1fygroTLlHu66zi26VoTDv8yRgm0Fccecssto+MhsZ0D/DGW2sm8E8AjW7NU5VVTRt5GxbeZ5qBuJr+HyLYkjQ==}
    dev: true

  /picomatch/2.3.1:
    resolution: {integrity: sha512-JU3teHTNjmE2VCGFzuY8EXzCDVwEqB2a8fsIvwaStHhAWJEeVd1o1QD80CU6+ZdEXXSLbSsuLwJjkCBWqRQUVA==}
    engines: {node: '>=8.6'}
    dev: false

  /postcss/8.4.21:
    resolution: {integrity: sha512-tP7u/Sn/dVxK2NnruI4H9BG+x+Wxz6oeZ1cJ8P6G/PZY0IKk4k/63TDsQf2kQq3+qoJeLm2kIBUNlZe3zgb4Zg==}
    engines: {node: ^10 || ^12 || >=14}
    dependencies:
      nanoid: 3.3.4
      picocolors: 1.0.0
      source-map-js: 1.0.2
    dev: true

  /react-dom/18.2.0_react@18.2.0:
    resolution: {integrity: sha512-6IMTriUmvsjHUjNtEDudZfuDQUoWXVxKHhlEGSk81n4YFS+r/Kl99wXiwlVXtPBtJenozv2P+hxDsw9eA7Xo6g==}
    peerDependencies:
      react: ^18.2.0
    dependencies:
      loose-envify: 1.4.0
      react: 18.2.0
      scheduler: 0.23.0
    dev: false

  /react-image/4.0.3_kv6kfe5rukjmpsrokr5t7up7oi:
    resolution: {integrity: sha512-19MUK9u1qaw9xys8XEsVkSpVhHctEBUeYFvrLTe1PN+4w5Co13AN2WA7xtBshPM6SthsOj77SlDrEAeOaJpf7g==}
    peerDependencies:
      '@babel/runtime': '>=7'
      react: '>=16.8'
      react-dom: '>=16.8'
    dependencies:
      '@babel/runtime': 7.21.0
      react: 18.2.0
      react-dom: 18.2.0_react@18.2.0
    dev: false

  /react-particles/2.9.3_react@18.2.0:
    resolution: {integrity: sha512-MptmCrrBeugweBWLx7IZyxMc8t8Ok128ygzQA5uLIPPGfH+ecVz033fd8V8ktv/YOBMLof7asjA9m5XSm1iu6A==}
    requiresBuild: true
    peerDependencies:
      react: '>=16'
    dependencies:
      fast-deep-equal: 3.1.3
      react: 18.2.0
      tsparticles-engine: 2.9.3
    dev: false

  /react/18.2.0:
    resolution: {integrity: sha512-/3IjMdb2L9QbBdWiW5e3P2/npwMBaU9mHCSCUzNln0ZCYbcfTsGbTJrU/kGemdH2IWmB2ioZ+zkxtmq6g09fGQ==}
    engines: {node: '>=0.10.0'}
    dependencies:
      loose-envify: 1.4.0
    dev: false

  /regenerator-runtime/0.13.11:
    resolution: {integrity: sha512-kY1AZVr2Ra+t+piVaJ4gxaFaReZVH40AKNo7UCX6W+dEwBo/2oZJzqfuN1qLq1oL45o56cPaTXELwrTh8Fpggg==}

  /resolve/1.22.1:
    resolution: {integrity: sha512-nBpuuYuY5jFsli/JIs1oldw6fOQCBioohqWZg/2hiaOybXOft4lonv85uDOKXdf8rhyK159cxU5cDcK/NKk8zw==}
    hasBin: true
    dependencies:
      is-core-module: 2.11.0
      path-parse: 1.0.7
      supports-preserve-symlinks-flag: 1.0.0
    dev: true

  /rollup/3.18.0:
    resolution: {integrity: sha512-J8C6VfEBjkvYPESMQYxKHxNOh4A5a3FlP+0BETGo34HEcE4eTlgCrO2+eWzlu2a/sHs2QUkZco+wscH7jhhgWg==}
    engines: {node: '>=14.18.0', npm: '>=8.0.0'}
    hasBin: true
    optionalDependencies:
      fsevents: 2.3.2
    dev: true

  /scheduler/0.23.0:
    resolution: {integrity: sha512-CtuThmgHNg7zIZWAXi3AsyIzA3n4xx7aNyjwC2VJldO2LMVDhFK+63xGqq6CsJH4rTAt6/M+N4GhZiDYPx9eUw==}
    dependencies:
      loose-envify: 1.4.0
    dev: false

  /source-map-js/1.0.2:
    resolution: {integrity: sha512-R0XvVJ9WusLiqTCEiGCmICCMplcCkIwwR11mOSD9CR5u+IXYdiseeEuXCVAjS54zqwkLcPNnmU4OeJ6tUrWhDw==}
    engines: {node: '>=0.10.0'}
    dev: true

  /supports-preserve-symlinks-flag/1.0.0:
    resolution: {integrity: sha512-ot0WnXS9fgdkgIcePe6RHNk1WA8+muPa6cSjeR3V8K27q9BB1rTE3R1p7Hv0z1ZyAc8s6Vvv8DIyWf681MAt0w==}
    engines: {node: '>= 0.4'}
    dev: true

  /tsparticles-engine/2.9.3:
    resolution: {integrity: sha512-iAD8LyRH//kx10fDMm6AfQV6dRHs1ZacUUHqVwfutcqM4x1IV2ygpjk0X87LKCnBxYeIMG78+tlxXpnpwUccOg==}
    requiresBuild: true
    dev: false

  /tsparticles-interaction-external-attract/2.9.3:
    resolution: {integrity: sha512-iNAu0ECKLpUXQYJ84slBJjQVvvTW4S/8pqDylB+WCj52xh4xbhj0TxaaM4zpId9TUDCPd8F7GoTi2ZCDJKlodQ==}
    dependencies:
      tsparticles-engine: 2.9.3
    dev: false

  /tsparticles-interaction-external-bounce/2.9.3:
    resolution: {integrity: sha512-RuZaqSXpanEpA0ETXArIzKAhR3E1fKOpLEJkUeDeZRNMYEmMZfh0JR/vQ2qSIR6r24z+DuIbhz0h+K6zu0lmvg==}
    dependencies:
      tsparticles-engine: 2.9.3
    dev: false

  /tsparticles-interaction-external-bubble/2.9.3:
    resolution: {integrity: sha512-jMgCViRTydEm2Gks5BeJH4z7Qetnmideheipw5UKDlKghGSTHhm7R7LeOkcOWqJI5ul8yoSFi+uQfL85aIUFZw==}
    dependencies:
      tsparticles-engine: 2.9.3
    dev: false

  /tsparticles-interaction-external-connect/2.9.3:
    resolution: {integrity: sha512-SCtYe29pDKUxxjyp0n6l1YrayynHyvDrnygGWGIYrAp/oUXtIUHjEotu3M5JkwnUMxHyGkMB1cK8wtmY3dIiUA==}
    dependencies:
      tsparticles-engine: 2.9.3
    dev: false

  /tsparticles-interaction-external-grab/2.9.3:
    resolution: {integrity: sha512-424WCIR7guHPuSVzhqYXbUM4YS5cR/Tv6qpi5EeX/bSIdajZDSjmhin9HjBK219T9sedfdJnhioOsy42Wt1YbA==}
    dependencies:
      tsparticles-engine: 2.9.3
    dev: false

  /tsparticles-interaction-external-pause/2.9.3:
    resolution: {integrity: sha512-idVup6nQ59W8FSyq+zg2zUlW5RKnq5cWua/mAKEZuQFrYV01HA22I9T8UyPcquxgtlPJX+0L/PfZlBjmr3qayw==}
    dependencies:
      tsparticles-engine: 2.9.3
    dev: false

  /tsparticles-interaction-external-push/2.9.3:
    resolution: {integrity: sha512-KNWHJmAxFUpw2is6E3gMXNZ6VghEVxZEFx0if/PLALgGOTKVWiEyh/lyJ660Ftfec1m4oW/SI7gCR2r0BXjnpQ==}
    dependencies:
      tsparticles-engine: 2.9.3
    dev: false

  /tsparticles-interaction-external-remove/2.9.3:
    resolution: {integrity: sha512-35XRqQe4cCCjRIFkvRvjsIVeUI7+i9nqUsX4bkxK9H6kv+GbC4lS98peGk6PNPetJn6yeJivkrP64VjPVGFEFQ==}
    dependencies:
      tsparticles-engine: 2.9.3
    dev: false

  /tsparticles-interaction-external-repulse/2.9.3:
    resolution: {integrity: sha512-Q4A4n0Sl6tEWJVGvXhEr/x5PwsHfjCZfwfHhEF9CmzgSnVr75pQfNi09GlLvpjN63dPL4OAQVjBbceCkjcLtUw==}
    dependencies:
      tsparticles-engine: 2.9.3
    dev: false

  /tsparticles-interaction-external-slow/2.9.3:
    resolution: {integrity: sha512-7mj2Yi8menOnr4FwkcZvjzffco71P+lmH+NkIuXyuLQmmYURloCpUQ03pONqSfdYF+DSnreanXtiM0N7dc9sfw==}
    dependencies:
      tsparticles-engine: 2.9.3
    dev: false

  /tsparticles-interaction-external-trail/2.9.3:
    resolution: {integrity: sha512-BxmxfKxx7giWpp8ZWgfcO9MBI/BAYkhwr2QY3BGdk59jpp90Zxe7jNRSU5kMyhxOmD088F0B9lBEsu3L2G+VaQ==}
    dependencies:
      tsparticles-engine: 2.9.3
    dev: false

  /tsparticles-interaction-particles-attract/2.9.3:
    resolution: {integrity: sha512-ceWxtHxKLvB2IGtCzvunmjVaUeHXUT8tVtHDlxz72M87ZngcFsBoGy69ZjFS+U1EC5BZHQDYOC6Eknvazd2UuQ==}
    dependencies:
      tsparticles-engine: 2.9.3
    dev: false

  /tsparticles-interaction-particles-collisions/2.9.3:
    resolution: {integrity: sha512-7Wyf/XpgsklYgoB0dh+OHgY7IYhlgLRtHYryFMTodd36N6kWMwKo+6Mg5OvmbEeLQqU+hTUXiD2fjjzLMebKXw==}
    dependencies:
      tsparticles-engine: 2.9.3
    dev: false

  /tsparticles-interaction-particles-links/2.9.3:
    resolution: {integrity: sha512-ZcsgvpNNi4ma6yy4XIubuBaLd9hI6J2SgIi7Pz3I2QfkSsGmJPDNdRoN1AuLLwbb5T80X2mVw0bomPFuW6zSMg==}
    dependencies:
      tsparticles-engine: 2.9.3
    dev: false

  /tsparticles-move-base/2.9.3:
    resolution: {integrity: sha512-6/uO7N9HbVJokG8sjPF8YjJzkcnwELoZEkaiABX0mGxdICYCyjpjOdOfwF7UCf8Ctqh2/kxQjv4fk0Aj2Z3nag==}
    dependencies:
      tsparticles-engine: 2.9.3
    dev: false

  /tsparticles-move-parallax/2.9.3:
    resolution: {integrity: sha512-uFqtEtCWabC7XZLZ7icIYYF9XB2XfedT8rjcLtyuBymQX8pfMJ5HUtd3ONI6Cik7I+BtqOfAkuZqTDcBTs7zlA==}
    dependencies:
      tsparticles-engine: 2.9.3
    dev: false

  /tsparticles-particles.js/2.9.3:
    resolution: {integrity: sha512-UyAEoz3ZkjBXIwC4NRJWnD4KdntuZyIKlPDZOKWz8ZL9I8jEvlle9XdonDj5IsLAwySqIq7vom5OUeIrqXdxjQ==}
    dependencies:
      tsparticles-engine: 2.9.3
    dev: false

  /tsparticles-plugin-absorbers/2.9.3:
    resolution: {integrity: sha512-K4AmBqEWqcC8aXc+TEmv2GHIlZ+b1jAPtuYr30j1rZbaMK7kbvjvVmZbDNM2RJyuBqkuAoV/e3DAOuH5YpBs7g==}
    dependencies:
      tsparticles-engine: 2.9.3
    dev: false

  /tsparticles-plugin-easing-quad/2.9.3:
    resolution: {integrity: sha512-rttpIJSwhPFys/sAYuZSsw9rWCvnUZdX1ePU12eTgqcyIelBdiySs4LndCLIXnkuS+jMMSYw9BzTSGfNz+sZcQ==}
    dependencies:
      tsparticles-engine: 2.9.3
    dev: false

  /tsparticles-plugin-emitters/2.9.3:
    resolution: {integrity: sha512-G0rs7lL9xjbFGkWr+XDsDpyghTjiHq7oPAZyUe0c/3p0JETwQgZ63/egluYU1p3uWJj34KjgjHD3GZqjyfI95Q==}
    dependencies:
      tsparticles-engine: 2.9.3
    dev: false

  /tsparticles-shape-circle/2.9.3:
    resolution: {integrity: sha512-d+PjFELhoCzPf2G+XKIew3Ho/Ql2fHzY0TrrIKVHzHufqWdQCWrhxNri2v0POLJFkcIYqvFThxM23I/cyKPgQw==}
    dependencies:
      tsparticles-engine: 2.9.3
    dev: false

  /tsparticles-shape-image/2.9.3:
    resolution: {integrity: sha512-yV3FAcqJ91EYG59OJ1SmShbogVs/uyk12u6LFTJnD2pmfdNwTeGpKMr3Cus5xJHQwJnFWufwkpOlBUxw55J/5g==}
    dependencies:
      tsparticles-engine: 2.9.3
    dev: false

  /tsparticles-shape-line/2.9.3:
    resolution: {integrity: sha512-uREd1nJYTUzHrXh1FcdhCx5jA0hYtuJXyUiG3es9p3VyFM/f8ookGj8Ke/C48p90IOQMWuT9DyaEDnGs+hbcVQ==}
    dependencies:
      tsparticles-engine: 2.9.3
    dev: false

  /tsparticles-shape-polygon/2.9.3:
    resolution: {integrity: sha512-qw580qr2VQveN1Q3kllhieW4GzB3t8fjlIRKZ0QG05npCG+ewBdXbD5G/9yfjGa1fTwCbHCfLoAFojjV15MBmg==}
    dependencies:
      tsparticles-engine: 2.9.3
    dev: false

  /tsparticles-shape-square/2.9.3:
    resolution: {integrity: sha512-VjRNALTt34arsN2UAxaWa43gvdaQQbk7OluLB912u1UzLFbdCccE/sr7pjyLqYaf6F+ndnjnzVygNb/kRxX1uQ==}
    dependencies:
      tsparticles-engine: 2.9.3
    dev: false

  /tsparticles-shape-star/2.9.3:
    resolution: {integrity: sha512-/nJdrHEq05dcVwLK+8i+QD3do+RNWrSvU1efVsOMzgLajH5s2mlSfyFcUSCQrmnmP7d6MpYZpbxa2KnpDSfW8g==}
    dependencies:
      tsparticles-engine: 2.9.3
    dev: false

  /tsparticles-shape-text/2.9.3:
    resolution: {integrity: sha512-V9U8VE2am1JWabiHAhTzAg0uG8j92BnfwmgRfWjg/w4eMFF2uyyBHQDHIFzhZFDbDbqIxttXngkfivAqRdUzhw==}
    dependencies:
      tsparticles-engine: 2.9.3
    dev: false

  /tsparticles-slim/2.9.3:
    resolution: {integrity: sha512-lq8qePcf/lQ5HezR/gpIDn4UJUp8G+33MB7GkhpwmpQpJyoteT5nlXkLxgaedGZFkZAoTKINuU9NUW1Ci6MX4w==}
    dependencies:
      tsparticles-engine: 2.9.3
      tsparticles-interaction-external-attract: 2.9.3
      tsparticles-interaction-external-bounce: 2.9.3
      tsparticles-interaction-external-bubble: 2.9.3
      tsparticles-interaction-external-connect: 2.9.3
      tsparticles-interaction-external-grab: 2.9.3
      tsparticles-interaction-external-pause: 2.9.3
      tsparticles-interaction-external-push: 2.9.3
      tsparticles-interaction-external-remove: 2.9.3
      tsparticles-interaction-external-repulse: 2.9.3
      tsparticles-interaction-external-slow: 2.9.3
      tsparticles-interaction-particles-attract: 2.9.3
      tsparticles-interaction-particles-collisions: 2.9.3
      tsparticles-interaction-particles-links: 2.9.3
      tsparticles-move-base: 2.9.3
      tsparticles-move-parallax: 2.9.3
      tsparticles-particles.js: 2.9.3
      tsparticles-plugin-easing-quad: 2.9.3
      tsparticles-shape-circle: 2.9.3
      tsparticles-shape-image: 2.9.3
      tsparticles-shape-line: 2.9.3
      tsparticles-shape-polygon: 2.9.3
      tsparticles-shape-square: 2.9.3
      tsparticles-shape-star: 2.9.3
      tsparticles-shape-text: 2.9.3
      tsparticles-updater-angle: 2.9.3
      tsparticles-updater-color: 2.9.3
      tsparticles-updater-life: 2.9.3
      tsparticles-updater-opacity: 2.9.3
      tsparticles-updater-out-modes: 2.9.3
      tsparticles-updater-size: 2.9.3
      tsparticles-updater-stroke-color: 2.9.3
    dev: false

  /tsparticles-updater-angle/2.9.3:
    resolution: {integrity: sha512-Z8VLOw2UUxrvV3YH44My5kmeBUcJUHTSCMRUIqFvgvxDs0Q/g2eVWkr1L+Crpw6PE5FJMdDGWRjWwxMwNdVfuQ==}
    dependencies:
      tsparticles-engine: 2.9.3
    dev: false

  /tsparticles-updater-color/2.9.3:
    resolution: {integrity: sha512-eBJ7ZNsG3uCQlpfEf2FocsHLlMnd/vgWPZtOr2Iu7KA2OR3zy7u62D/oiRZkZEWtjhh5GlPrsy7njo6oToRBNQ==}
    dependencies:
      tsparticles-engine: 2.9.3
    dev: false

  /tsparticles-updater-destroy/2.9.3:
    resolution: {integrity: sha512-SRgFISarsLpNz/gnMvkCFV2uITpwkUX5Fva34DVWHK6glY0053x2uvtUQluwHfp6DIJAueRMRhZ0dmzVltdOLw==}
    dependencies:
      tsparticles-engine: 2.9.3
    dev: false

  /tsparticles-updater-life/2.9.3:
    resolution: {integrity: sha512-VUeWBCLKoLd69+C9CFHjVG0SaqCbMgQqag6NIGMqTmaaZNFcn1H8rheIG9NU70UOTsYRMPfwmZK1SKnqAK6jQQ==}
    dependencies:
      tsparticles-engine: 2.9.3
    dev: false

  /tsparticles-updater-opacity/2.9.3:
    resolution: {integrity: sha512-ON5t2qeegnm+MsmaF6ZvhUmKLzk/zXozsw9Dsgw8iJYX8WmQmp2VC72COTzADW495ovwGjBiR1KFelM/GVfHgg==}
    dependencies:
      tsparticles-engine: 2.9.3
    dev: false

  /tsparticles-updater-out-modes/2.9.3:
    resolution: {integrity: sha512-LEcAIeK8b3ovLGuuTob1L3o57XodqRuvDjtUT2TiNIC6cf3QMAnqujwAyvBLJrYAuwr7rG1fXEEt9tovFYg+tw==}
    dependencies:
      tsparticles-engine: 2.9.3
    dev: false

  /tsparticles-updater-roll/2.9.3:
    resolution: {integrity: sha512-I/9vB1wA3RKwfeRPlw7nrxUW8uxcajwba+gxFEcIDx2C+OA2UVIuGzOQE59O2sppqLqwrcLOm3ayTt5se1qbpw==}
    dependencies:
      tsparticles-engine: 2.9.3
    dev: false

  /tsparticles-updater-size/2.9.3:
    resolution: {integrity: sha512-6qQ8T+7wt/B4BD5K1LWEXrfan+h2utSY1zNhE1cTcAQUDrrU06g/tfMkbrpMdduu6RWwGtoC4OsciCnBuiLEYQ==}
    dependencies:
      tsparticles-engine: 2.9.3
    dev: false

  /tsparticles-updater-stroke-color/2.9.3:
    resolution: {integrity: sha512-zEjn8vLeoGsP0kPEg0L65wwhm7c5s7QD5cWeSz0mJVibwpV+C16K20kcSjkI57QUMAFQXwgGJ9M0grgCQsiawA==}
    dependencies:
      tsparticles-engine: 2.9.3
    dev: false

  /tsparticles-updater-tilt/2.9.3:
    resolution: {integrity: sha512-x1EDyvBfqgBh1021lohf2shn+V6U9WhMasGD+fKugwRxNZ0nAe5DK0wop/26L2MUIb+AbIg2sXPdxuv1zE7G7w==}
    dependencies:
      tsparticles-engine: 2.9.3
    dev: false

  /tsparticles-updater-twinkle/2.9.3:
    resolution: {integrity: sha512-IHxKAYBRpBiOBtU/8Wh1wv8wCQa2dC5K+LPjDw3JTyzPmPnskjGiHXiPyZTbHPdAqrSQ29jJCfJwn0HAIqEjwQ==}
    dependencies:
      tsparticles-engine: 2.9.3
    dev: false

  /tsparticles-updater-wobble/2.9.3:
    resolution: {integrity: sha512-/Doid0P/OjaO9cUzD/Z3j0GNA+8X3DUvVsOo/5mPt914PJBbcWYGpweE8u75ZPcHe9OM5u6CHFMf3PMurCEBCw==}
    dependencies:
      tsparticles-engine: 2.9.3
    dev: false

  /tsparticles/2.9.3:
    resolution: {integrity: sha512-9NB+zrmR3uaj/k0RZ8Awa4lhpq2PqYFR/jUhia/Z4tKwvNdIR4xkpd4NkkGn/xmqRFeN658xHxOE+yVU+y+XFA==}
    dependencies:
      tsparticles-engine: 2.9.3
      tsparticles-interaction-external-trail: 2.9.3
      tsparticles-plugin-absorbers: 2.9.3
      tsparticles-plugin-emitters: 2.9.3
      tsparticles-slim: 2.9.3
      tsparticles-updater-destroy: 2.9.3
      tsparticles-updater-roll: 2.9.3
      tsparticles-updater-tilt: 2.9.3
      tsparticles-updater-twinkle: 2.9.3
      tsparticles-updater-wobble: 2.9.3
    dev: false

  /typescript/4.9.5:
    resolution: {integrity: sha512-1FXk9E2Hm+QzZQ7z+McJiHL4NW1F2EzMu9Nq9i3zAaGqibafqYwCVU6WyWAuyQRRzOlxou8xZSyXLEN8oKj24g==}
    engines: {node: '>=4.2.0'}
    hasBin: true
    dev: true

  /use-sync-external-store/1.2.0_react@18.2.0:
    resolution: {integrity: sha512-eEgnFxGQ1Ife9bzYs6VLi8/4X6CObHMw9Qr9tPY43iKwsPw8xE8+EFsf/2cFZ5S3esXgpWgtSCtLNS41F+sKPA==}
    peerDependencies:
      react: ^16.8.0 || ^17.0.0 || ^18.0.0
    dependencies:
      react: 18.2.0
    dev: false

  /vite/4.1.4:
    resolution: {integrity: sha512-3knk/HsbSTKEin43zHu7jTwYWv81f8kgAL99G5NWBcA1LKvtvcVAC4JjBH1arBunO9kQka+1oGbrMKOjk4ZrBg==}
    engines: {node: ^14.18.0 || >=16.0.0}
    hasBin: true
    peerDependencies:
      '@types/node': '>= 14'
      less: '*'
      sass: '*'
      stylus: '*'
      sugarss: '*'
      terser: ^5.4.0
    peerDependenciesMeta:
      '@types/node':
        optional: true
      less:
        optional: true
      sass:
        optional: true
      stylus:
        optional: true
      sugarss:
        optional: true
      terser:
        optional: true
    dependencies:
      esbuild: 0.16.17
      postcss: 8.4.21
      resolve: 1.22.1
      rollup: 3.18.0
    optionalDependencies:
      fsevents: 2.3.2
    dev: true

  /wouter/2.10.0_react@18.2.0:
    resolution: {integrity: sha512-4IoXysBk9c8qv+rkHW65K2joZbrios3NnWbp+FjCH26S3i8v8H4btgHQO33+g1CNDrSbdKkrtmbm80SLHxnRBw==}
    peerDependencies:
      react: '>=16.8.0'
    dependencies:
      '@rollup/plugin-replace': 5.0.2
      react: 18.2.0
      use-sync-external-store: 1.2.0_react@18.2.0
    transitivePeerDependencies:
      - rollup
    dev: false

  /zustand/4.3.6_react@18.2.0:
    resolution: {integrity: sha512-6J5zDxjxLE+yukC2XZWf/IyWVKnXT9b9HUv09VJ/bwGCpKNcaTqp7Ws28Xr8jnbvnZcdRaidztAPsXFBIqufiw==}
    engines: {node: '>=12.7.0'}
    peerDependencies:
      immer: '>=9.0'
      react: '>=16.8'
    peerDependenciesMeta:
      immer:
        optional: true
      react:
        optional: true
    dependencies:
      react: 18.2.0
      use-sync-external-store: 1.2.0_react@18.2.0
    dev: false
